
Microsoft Visual Studio Solution File, Format Version 12.00
# Visual Studio Version 16
VisualStudioVersion = 16.0.31729.503
MinimumVisualStudioVersion = 10.0.40219.1
Project("{FAE04EC0-301F-11D3-BF4B-00C04F79EFBC}") = "administradores_memoria_JuanCarlosPalacios_JoelGramajo", "administradores_memoria_JuanCarlosPalacios_JoelGramajo\administradores_memoria_JuanCarlosPalacios_JoelGramajo.csproj", "{DF10ADCA-FB8B-497B-8E1F-7D50BD3BAB63}"
EndProject
Global
	GlobalSection(SolutionConfigurationPlatforms) = preSolution
		Debug|Any CPU = Debug|Any CPU
		Release|Any CPU = Release|Any CPU
	EndGlobalSection
	GlobalSection(ProjectConfigurationPlatforms) = postSolution
		{DF10ADCA-FB8B-497B-8E1F-7D50BD3BAB63}.Debug|Any CPU.ActiveCfg = Debug|Any CPU
		{DF10ADCA-FB8B-497B-8E1F-7D50BD3BAB63}.Debug|Any CPU.Build.0 = Debug|Any CPU
		{DF10ADCA-FB8B-497B-8E1F-7D50BD3BAB63}.Release|Any CPU.ActiveCfg = Release|Any CPU
		{DF10ADCA-FB8B-497B-8E1F-7D50BD3BAB63}.Release|Any CPU.Build.0 = Release|Any CPU
	EndGlobalSection
	GlobalSection(SolutionProperties) = preSolution
		HideSolutionNode = FALSE
	EndGlobalSection
	GlobalSection(ExtensibilityGlobals) = postSolution
		SolutionGuid = {2C8E8C74-11A4-44CB-BD90-117C111C8504}
	EndGlobalSection
EndGlobal
